
Microsoft Visual Studio Solution File, Format Version 12.00
# Visual Studio 2012
Project("{FAE04EC0-301F-11D3-BF4B-00C04F79EFBC}") = "SimpleData_Angular", "SimpleData_Angular\SimpleData_Angular.csproj", "{63F86A82-67DA-4896-9C4B-F1F7DD65F692}"
EndProject
Project("{FAE04EC0-301F-11D3-BF4B-00C04F79EFBC}") = "SimpleData_Angular_BussinessServices", "SimpleData_Angular_BussinessServices\SimpleData_Angular_BussinessServices.csproj", "{47869A8B-917D-4173-8443-821D10C23669}"
EndProject
Global
	GlobalSection(SolutionConfigurationPlatforms) = preSolution
		Debug|Any CPU = Debug|Any CPU
		Release|Any CPU = Release|Any CPU
	EndGlobalSection
	GlobalSection(ProjectConfigurationPlatforms) = postSolution
		{63F86A82-67DA-4896-9C4B-F1F7DD65F692}.Debug|Any CPU.ActiveCfg = Debug|Any CPU
		{63F86A82-67DA-4896-9C4B-F1F7DD65F692}.Debug|Any CPU.Build.0 = Debug|Any CPU
		{63F86A82-67DA-4896-9C4B-F1F7DD65F692}.Release|Any CPU.ActiveCfg = Release|Any CPU
		{63F86A82-67DA-4896-9C4B-F1F7DD65F692}.Release|Any CPU.Build.0 = Release|Any CPU
		{47869A8B-917D-4173-8443-821D10C23669}.Debug|Any CPU.ActiveCfg = Debug|Any CPU
		{47869A8B-917D-4173-8443-821D10C23669}.Debug|Any CPU.Build.0 = Debug|Any CPU
		{47869A8B-917D-4173-8443-821D10C23669}.Release|Any CPU.ActiveCfg = Release|Any CPU
		{47869A8B-917D-4173-8443-821D10C23669}.Release|Any CPU.Build.0 = Release|Any CPU
	EndGlobalSection
	GlobalSection(SolutionProperties) = preSolution
		HideSolutionNode = FALSE
	EndGlobalSection
EndGlobal
